// !$*UTF8*$!
{
	archiveVersion = 1;
	classes = {
	};
	objectVersion = 51;
	objects = {

/* Begin PBXBuildFile section */
		88BDBE6323FA8D7A009091F9 /* BaseVC.swift in Sources */ = {isa = PBXBuildFile; fileRef = 88BDBE6223FA8D7A009091F9 /* BaseVC.swift */; };
		88BDBE6623FA922E009091F9 /* BaseViewModel.swift in Sources */ = {isa = PBXBuildFile; fileRef = 88BDBE6523FA922E009091F9 /* BaseViewModel.swift */; };
		88BDBE6823FA936E009091F9 /* HomeViewModel.swift in Sources */ = {isa = PBXBuildFile; fileRef = 88BDBE6723FA936E009091F9 /* HomeViewModel.swift */; };
		88BDBE6C23FA95A7009091F9 /* UserService.swift in Sources */ = {isa = PBXBuildFile; fileRef = 88BDBE6B23FA95A7009091F9 /* UserService.swift */; };
		88BDBE7123FAC737009091F9 /* PopularDTO.swift in Sources */ = {isa = PBXBuildFile; fileRef = 88BDBE7023FAC737009091F9 /* PopularDTO.swift */; };
		88BDBE7323FAC85D009091F9 /* ApiResponse.swift in Sources */ = {isa = PBXBuildFile; fileRef = 88BDBE7223FAC85D009091F9 /* ApiResponse.swift */; };
		88CEDA4A2407DD660019CB0E /* UIViewController+Ex.swift in Sources */ = {isa = PBXBuildFile; fileRef = 88CEDA492407DD660019CB0E /* UIViewController+Ex.swift */; };
		88CEDA4D2407E49E0019CB0E /* UIImageView+Ex.swift in Sources */ = {isa = PBXBuildFile; fileRef = 88CEDA4C2407E49E0019CB0E /* UIImageView+Ex.swift */; };
		88CEDA4F2407E6C60019CB0E /* UIView+Ex.swift in Sources */ = {isa = PBXBuildFile; fileRef = 88CEDA4E2407E6C60019CB0E /* UIView+Ex.swift */; };
		8C23223E224D41CA00A7C7C1 /* AppDelegate.swift in Sources */ = {isa = PBXBuildFile; fileRef = 8C23223D224D41CA00A7C7C1 /* AppDelegate.swift */; };
		8C232240224D41CA00A7C7C1 /* HomeVC.swift in Sources */ = {isa = PBXBuildFile; fileRef = 8C23223F224D41CA00A7C7C1 /* HomeVC.swift */; };
		8C232243224D41CA00A7C7C1 /* Main.storyboard in Resources */ = {isa = PBXBuildFile; fileRef = 8C232241224D41CA00A7C7C1 /* Main.storyboard */; };
		8C232245224D41CB00A7C7C1 /* Assets.xcassets in Resources */ = {isa = PBXBuildFile; fileRef = 8C232244224D41CB00A7C7C1 /* Assets.xcassets */; };
		8C232248224D41CB00A7C7C1 /* LaunchScreen.storyboard in Resources */ = {isa = PBXBuildFile; fileRef = 8C232246224D41CB00A7C7C1 /* LaunchScreen.storyboard */; };
		8C232253224D41CB00A7C7C1 /* Stars_MovieTests.swift in Sources */ = {isa = PBXBuildFile; fileRef = 8C232252224D41CB00A7C7C1 /* Stars_MovieTests.swift */; };
		8C23225E224D41CB00A7C7C1 /* Stars_MovieUITests.swift in Sources */ = {isa = PBXBuildFile; fileRef = 8C23225D224D41CB00A7C7C1 /* Stars_MovieUITests.swift */; };
		8C3E357E2250048E00F0C376 /* DetailsVC.swift in Sources */ = {isa = PBXBuildFile; fileRef = 8C3E357D2250048E00F0C376 /* DetailsVC.swift */; };
		8C57228F240C4AB800A1B80A /* Storyboarded.swift in Sources */ = {isa = PBXBuildFile; fileRef = 8C57228E240C4AB800A1B80A /* Storyboarded.swift */; };
		8C572294240C4D9500A1B80A /* Coordinator.swift in Sources */ = {isa = PBXBuildFile; fileRef = 8C572293240C4D9500A1B80A /* Coordinator.swift */; };
		8C572296240C4E8400A1B80A /* HomeCoordinator.swift in Sources */ = {isa = PBXBuildFile; fileRef = 8C572295240C4E8400A1B80A /* HomeCoordinator.swift */; };
		8C572298240C50DF00A1B80A /* DetailsViewModel.swift in Sources */ = {isa = PBXBuildFile; fileRef = 8C572297240C50DF00A1B80A /* DetailsViewModel.swift */; };
		8C57229A240C52E600A1B80A /* DetailsCoordinator.swift in Sources */ = {isa = PBXBuildFile; fileRef = 8C572299240C52E600A1B80A /* DetailsCoordinator.swift */; };
		8C57229C240C6EC500A1B80A /* ActorDetailsDTO.swift in Sources */ = {isa = PBXBuildFile; fileRef = 8C57229B240C6EC500A1B80A /* ActorDetailsDTO.swift */; };
		8C57229E240C74F100A1B80A /* MovieCreditDTO.swift in Sources */ = {isa = PBXBuildFile; fileRef = 8C57229D240C74F100A1B80A /* MovieCreditDTO.swift */; };
		8C7B7814224D910F003E689C /* PopularPeopleCell.swift in Sources */ = {isa = PBXBuildFile; fileRef = 8C7B7812224D910F003E689C /* PopularPeopleCell.swift */; };
		8C7B7815224D910F003E689C /* PopularPeopleCell.xib in Resources */ = {isa = PBXBuildFile; fileRef = 8C7B7813224D910F003E689C /* PopularPeopleCell.xib */; };
		8C85E2B2248FB19E00A84B05 /* POPUP.storyboard in Resources */ = {isa = PBXBuildFile; fileRef = 8C85E2B1248FB19E00A84B05 /* POPUP.storyboard */; };
		8C85E2B4248FB4B500A84B05 /* POPUPVC.swift in Sources */ = {isa = PBXBuildFile; fileRef = 8C85E2B3248FB4B500A84B05 /* POPUPVC.swift */; };
		8C85E2B6248FBDBC00A84B05 /* CastViewModel.swift in Sources */ = {isa = PBXBuildFile; fileRef = 8C85E2B5248FBDBC00A84B05 /* CastViewModel.swift */; };
		8C85E2B8248FC12700A84B05 /* MovieCastDTO.swift in Sources */ = {isa = PBXBuildFile; fileRef = 8C85E2B7248FC12700A84B05 /* MovieCastDTO.swift */; };
		8C85E2BA248FC7D100A84B05 /* CastCoordinator.swift in Sources */ = {isa = PBXBuildFile; fileRef = 8C85E2B9248FC7D100A84B05 /* CastCoordinator.swift */; };
		8C85E2BC248FD8A900A84B05 /* SearchViewModel.swift in Sources */ = {isa = PBXBuildFile; fileRef = 8C85E2BB248FD8A900A84B05 /* SearchViewModel.swift */; };
		8C85E2BE248FE00200A84B05 /* SearchResultDTO.swift in Sources */ = {isa = PBXBuildFile; fileRef = 8C85E2BD248FE00200A84B05 /* SearchResultDTO.swift */; };
		8C85E2C0248FF3BF00A84B05 /* SearchCoordinator.swift in Sources */ = {isa = PBXBuildFile; fileRef = 8C85E2BF248FF3BF00A84B05 /* SearchCoordinator.swift */; };
		8CA875A522511EC900CF2BBE /* DetailsCell.swift in Sources */ = {isa = PBXBuildFile; fileRef = 8CA875A322511EC900CF2BBE /* DetailsCell.swift */; };
		8CA875A622511EC900CF2BBE /* DetailsCell.xib in Resources */ = {isa = PBXBuildFile; fileRef = 8CA875A422511EC900CF2BBE /* DetailsCell.xib */; };
		8CDC9CE722517D8200D6A5EF /* CastVC.swift in Sources */ = {isa = PBXBuildFile; fileRef = 8CDC9CE622517D8200D6A5EF /* CastVC.swift */; };
		8CDC9CF02251A86700D6A5EF /* CrewCell.swift in Sources */ = {isa = PBXBuildFile; fileRef = 8CDC9CEE2251A86700D6A5EF /* CrewCell.swift */; };
		8CDC9CF12251A86700D6A5EF /* CrewCell.xib in Resources */ = {isa = PBXBuildFile; fileRef = 8CDC9CEF2251A86700D6A5EF /* CrewCell.xib */; };
		8CFA363D22521ED1006E4C99 /* SearchVC.swift in Sources */ = {isa = PBXBuildFile; fileRef = 8CFA363C22521ED1006E4C99 /* SearchVC.swift */; };
		8CFA3643225233FD006E4C99 /* SearchPeopleCell.swift in Sources */ = {isa = PBXBuildFile; fileRef = 8CFA3641225233FD006E4C99 /* SearchPeopleCell.swift */; };
		8CFA3644225233FD006E4C99 /* SearchPeopleCell.xib in Resources */ = {isa = PBXBuildFile; fileRef = 8CFA3642225233FD006E4C99 /* SearchPeopleCell.xib */; };
		9CDA94592761B82E1AC2BF13 /* Pods_Stars_Movie.framework in Frameworks */ = {isa = PBXBuildFile; fileRef = E5853879C22AC67C764616CE /* Pods_Stars_Movie.framework */; };
/* End PBXBuildFile section */

/* Begin PBXContainerItemProxy section */
		8C23224F224D41CB00A7C7C1 /* PBXContainerItemProxy */ = {
			isa = PBXContainerItemProxy;
			containerPortal = 8C232232224D41CA00A7C7C1 /* Project object */;
			proxyType = 1;
			remoteGlobalIDString = 8C232239224D41CA00A7C7C1;
			remoteInfo = "Stars Movie";
		};
		8C23225A224D41CB00A7C7C1 /* PBXContainerItemProxy */ = {
			isa = PBXContainerItemProxy;
			containerPortal = 8C232232224D41CA00A7C7C1 /* Project object */;
			proxyType = 1;
			remoteGlobalIDString = 8C232239224D41CA00A7C7C1;
			remoteInfo = "Stars Movie";
		};
/* End PBXContainerItemProxy section */

/* Begin PBXFileReference section */
		17579BCDE53FC8DFC9EEF5F5 /* Pods-Stars Movie.debug.xcconfig */ = {isa = PBXFileReference; includeInIndex = 1; lastKnownFileType = text.xcconfig; name = "Pods-Stars Movie.debug.xcconfig"; path = "Pods/Target Support Files/Pods-Stars Movie/Pods-Stars Movie.debug.xcconfig"; sourceTree = "<group>"; };
		465DC6E7A2E2ECDAD20C15B2 /* Pods-Stars Movie.release.xcconfig */ = {isa = PBXFileReference; includeInIndex = 1; lastKnownFileType = text.xcconfig; name = "Pods-Stars Movie.release.xcconfig"; path = "Pods/Target Support Files/Pods-Stars Movie/Pods-Stars Movie.release.xcconfig"; sourceTree = "<group>"; };
		88BDBE6223FA8D7A009091F9 /* BaseVC.swift */ = {isa = PBXFileReference; lastKnownFileType = sourcecode.swift; path = BaseVC.swift; sourceTree = "<group>"; };
		88BDBE6523FA922E009091F9 /* BaseViewModel.swift */ = {isa = PBXFileReference; lastKnownFileType = sourcecode.swift; path = BaseViewModel.swift; sourceTree = "<group>"; };
		88BDBE6723FA936E009091F9 /* HomeViewModel.swift */ = {isa = PBXFileReference; lastKnownFileType = sourcecode.swift; path = HomeViewModel.swift; sourceTree = "<group>"; };
		88BDBE6B23FA95A7009091F9 /* UserService.swift */ = {isa = PBXFileReference; lastKnownFileType = sourcecode.swift; path = UserService.swift; sourceTree = "<group>"; };
		88BDBE7023FAC737009091F9 /* PopularDTO.swift */ = {isa = PBXFileReference; lastKnownFileType = sourcecode.swift; path = PopularDTO.swift; sourceTree = "<group>"; };
		88BDBE7223FAC85D009091F9 /* ApiResponse.swift */ = {isa = PBXFileReference; lastKnownFileType = sourcecode.swift; path = ApiResponse.swift; sourceTree = "<group>"; };
		88CEDA492407DD660019CB0E /* UIViewController+Ex.swift */ = {isa = PBXFileReference; lastKnownFileType = sourcecode.swift; path = "UIViewController+Ex.swift"; sourceTree = "<group>"; };
		88CEDA4C2407E49E0019CB0E /* UIImageView+Ex.swift */ = {isa = PBXFileReference; lastKnownFileType = sourcecode.swift; path = "UIImageView+Ex.swift"; sourceTree = "<group>"; };
		88CEDA4E2407E6C60019CB0E /* UIView+Ex.swift */ = {isa = PBXFileReference; lastKnownFileType = sourcecode.swift; path = "UIView+Ex.swift"; sourceTree = "<group>"; };
		8C23223A224D41CA00A7C7C1 /* Stars Movie.app */ = {isa = PBXFileReference; explicitFileType = wrapper.application; includeInIndex = 0; path = "Stars Movie.app"; sourceTree = BUILT_PRODUCTS_DIR; };
		8C23223D224D41CA00A7C7C1 /* AppDelegate.swift */ = {isa = PBXFileReference; lastKnownFileType = sourcecode.swift; path = AppDelegate.swift; sourceTree = "<group>"; };
		8C23223F224D41CA00A7C7C1 /* HomeVC.swift */ = {isa = PBXFileReference; lastKnownFileType = sourcecode.swift; path = HomeVC.swift; sourceTree = "<group>"; };
		8C232242224D41CA00A7C7C1 /* Base */ = {isa = PBXFileReference; lastKnownFileType = file.storyboard; name = Base; path = Base.lproj/Main.storyboard; sourceTree = "<group>"; };
		8C232244224D41CB00A7C7C1 /* Assets.xcassets */ = {isa = PBXFileReference; lastKnownFileType = folder.assetcatalog; path = Assets.xcassets; sourceTree = "<group>"; };
		8C232247224D41CB00A7C7C1 /* Base */ = {isa = PBXFileReference; lastKnownFileType = file.storyboard; name = Base; path = Base.lproj/LaunchScreen.storyboard; sourceTree = "<group>"; };
		8C232249224D41CB00A7C7C1 /* Info.plist */ = {isa = PBXFileReference; lastKnownFileType = text.plist.xml; path = Info.plist; sourceTree = "<group>"; };
		8C23224E224D41CB00A7C7C1 /* Stars MovieTests.xctest */ = {isa = PBXFileReference; explicitFileType = wrapper.cfbundle; includeInIndex = 0; path = "Stars MovieTests.xctest"; sourceTree = BUILT_PRODUCTS_DIR; };
		8C232252224D41CB00A7C7C1 /* Stars_MovieTests.swift */ = {isa = PBXFileReference; lastKnownFileType = sourcecode.swift; path = Stars_MovieTests.swift; sourceTree = "<group>"; };
		8C232254224D41CB00A7C7C1 /* Info.plist */ = {isa = PBXFileReference; lastKnownFileType = text.plist.xml; path = Info.plist; sourceTree = "<group>"; };
		8C232259224D41CB00A7C7C1 /* Stars MovieUITests.xctest */ = {isa = PBXFileReference; explicitFileType = wrapper.cfbundle; includeInIndex = 0; path = "Stars MovieUITests.xctest"; sourceTree = BUILT_PRODUCTS_DIR; };
		8C23225D224D41CB00A7C7C1 /* Stars_MovieUITests.swift */ = {isa = PBXFileReference; lastKnownFileType = sourcecode.swift; path = Stars_MovieUITests.swift; sourceTree = "<group>"; };
		8C23225F224D41CB00A7C7C1 /* Info.plist */ = {isa = PBXFileReference; lastKnownFileType = text.plist.xml; path = Info.plist; sourceTree = "<group>"; };
		8C3E357D2250048E00F0C376 /* DetailsVC.swift */ = {isa = PBXFileReference; lastKnownFileType = sourcecode.swift; path = DetailsVC.swift; sourceTree = "<group>"; };
		8C57228E240C4AB800A1B80A /* Storyboarded.swift */ = {isa = PBXFileReference; lastKnownFileType = sourcecode.swift; path = Storyboarded.swift; sourceTree = "<group>"; };
		8C572293240C4D9500A1B80A /* Coordinator.swift */ = {isa = PBXFileReference; lastKnownFileType = sourcecode.swift; path = Coordinator.swift; sourceTree = "<group>"; };
		8C572295240C4E8400A1B80A /* HomeCoordinator.swift */ = {isa = PBXFileReference; lastKnownFileType = sourcecode.swift; path = HomeCoordinator.swift; sourceTree = "<group>"; };
		8C572297240C50DF00A1B80A /* DetailsViewModel.swift */ = {isa = PBXFileReference; lastKnownFileType = sourcecode.swift; path = DetailsViewModel.swift; sourceTree = "<group>"; };
		8C572299240C52E600A1B80A /* DetailsCoordinator.swift */ = {isa = PBXFileReference; lastKnownFileType = sourcecode.swift; path = DetailsCoordinator.swift; sourceTree = "<group>"; };
		8C57229B240C6EC500A1B80A /* ActorDetailsDTO.swift */ = {isa = PBXFileReference; lastKnownFileType = sourcecode.swift; path = ActorDetailsDTO.swift; sourceTree = "<group>"; };
		8C57229D240C74F100A1B80A /* MovieCreditDTO.swift */ = {isa = PBXFileReference; lastKnownFileType = sourcecode.swift; path = MovieCreditDTO.swift; sourceTree = "<group>"; };
		8C7B7812224D910F003E689C /* PopularPeopleCell.swift */ = {isa = PBXFileReference; lastKnownFileType = sourcecode.swift; path = PopularPeopleCell.swift; sourceTree = "<group>"; };
		8C7B7813224D910F003E689C /* PopularPeopleCell.xib */ = {isa = PBXFileReference; lastKnownFileType = file.xib; path = PopularPeopleCell.xib; sourceTree = "<group>"; };
		8C85E2B1248FB19E00A84B05 /* POPUP.storyboard */ = {isa = PBXFileReference; lastKnownFileType = file.storyboard; path = POPUP.storyboard; sourceTree = "<group>"; };
		8C85E2B3248FB4B500A84B05 /* POPUPVC.swift */ = {isa = PBXFileReference; lastKnownFileType = sourcecode.swift; path = POPUPVC.swift; sourceTree = "<group>"; };
		8C85E2B5248FBDBC00A84B05 /* CastViewModel.swift */ = {isa = PBXFileReference; lastKnownFileType = sourcecode.swift; path = CastViewModel.swift; sourceTree = "<group>"; };
		8C85E2B7248FC12700A84B05 /* MovieCastDTO.swift */ = {isa = PBXFileReference; lastKnownFileType = sourcecode.swift; path = MovieCastDTO.swift; sourceTree = "<group>"; };
		8C85E2B9248FC7D100A84B05 /* CastCoordinator.swift */ = {isa = PBXFileReference; lastKnownFileType = sourcecode.swift; path = CastCoordinator.swift; sourceTree = "<group>"; };
		8C85E2BB248FD8A900A84B05 /* SearchViewModel.swift */ = {isa = PBXFileReference; lastKnownFileType = sourcecode.swift; path = SearchViewModel.swift; sourceTree = "<group>"; };
		8C85E2BD248FE00200A84B05 /* SearchResultDTO.swift */ = {isa = PBXFileReference; lastKnownFileType = sourcecode.swift; path = SearchResultDTO.swift; sourceTree = "<group>"; };
		8C85E2BF248FF3BF00A84B05 /* SearchCoordinator.swift */ = {isa = PBXFileReference; lastKnownFileType = sourcecode.swift; path = SearchCoordinator.swift; sourceTree = "<group>"; };
		8CA875A322511EC900CF2BBE /* DetailsCell.swift */ = {isa = PBXFileReference; lastKnownFileType = sourcecode.swift; path = DetailsCell.swift; sourceTree = "<group>"; };
		8CA875A422511EC900CF2BBE /* DetailsCell.xib */ = {isa = PBXFileReference; lastKnownFileType = file.xib; path = DetailsCell.xib; sourceTree = "<group>"; };
		8CDC9CE622517D8200D6A5EF /* CastVC.swift */ = {isa = PBXFileReference; lastKnownFileType = sourcecode.swift; path = CastVC.swift; sourceTree = "<group>"; };
		8CDC9CEE2251A86700D6A5EF /* CrewCell.swift */ = {isa = PBXFileReference; lastKnownFileType = sourcecode.swift; path = CrewCell.swift; sourceTree = "<group>"; };
		8CDC9CEF2251A86700D6A5EF /* CrewCell.xib */ = {isa = PBXFileReference; lastKnownFileType = file.xib; path = CrewCell.xib; sourceTree = "<group>"; };
		8CFA363C22521ED1006E4C99 /* SearchVC.swift */ = {isa = PBXFileReference; lastKnownFileType = sourcecode.swift; path = SearchVC.swift; sourceTree = "<group>"; };
		8CFA3641225233FD006E4C99 /* SearchPeopleCell.swift */ = {isa = PBXFileReference; lastKnownFileType = sourcecode.swift; path = SearchPeopleCell.swift; sourceTree = "<group>"; };
		8CFA3642225233FD006E4C99 /* SearchPeopleCell.xib */ = {isa = PBXFileReference; lastKnownFileType = file.xib; path = SearchPeopleCell.xib; sourceTree = "<group>"; };
		E5853879C22AC67C764616CE /* Pods_Stars_Movie.framework */ = {isa = PBXFileReference; explicitFileType = wrapper.framework; includeInIndex = 0; path = Pods_Stars_Movie.framework; sourceTree = BUILT_PRODUCTS_DIR; };
/* End PBXFileReference section */

/* Begin PBXFrameworksBuildPhase section */
		8C232237224D41CA00A7C7C1 /* Frameworks */ = {
			isa = PBXFrameworksBuildPhase;
			buildActionMask = 2147483647;
			files = (
				9CDA94592761B82E1AC2BF13 /* Pods_Stars_Movie.framework in Frameworks */,
			);
			runOnlyForDeploymentPostprocessing = 0;
		};
		8C23224B224D41CB00A7C7C1 /* Frameworks */ = {
			isa = PBXFrameworksBuildPhase;
			buildActionMask = 2147483647;
			files = (
			);
			runOnlyForDeploymentPostprocessing = 0;
		};
		8C232256224D41CB00A7C7C1 /* Frameworks */ = {
			isa = PBXFrameworksBuildPhase;
			buildActionMask = 2147483647;
			files = (
			);
			runOnlyForDeploymentPostprocessing = 0;
		};
/* End PBXFrameworksBuildPhase section */

/* Begin PBXGroup section */
		026F594F991A13515D49A4C8 /* Frameworks */ = {
			isa = PBXGroup;
			children = (
				E5853879C22AC67C764616CE /* Pods_Stars_Movie.framework */,
			);
			name = Frameworks;
			sourceTree = "<group>";
		};
		74BC2484661FC27B03A2B0CC /* Pods */ = {
			isa = PBXGroup;
			children = (
				17579BCDE53FC8DFC9EEF5F5 /* Pods-Stars Movie.debug.xcconfig */,
				465DC6E7A2E2ECDAD20C15B2 /* Pods-Stars Movie.release.xcconfig */,
			);
			name = Pods;
			sourceTree = "<group>";
		};
		88BDBE6423FA9215009091F9 /* Base */ = {
			isa = PBXGroup;
			children = (
				88BDBE6223FA8D7A009091F9 /* BaseVC.swift */,
				88BDBE6523FA922E009091F9 /* BaseViewModel.swift */,
				8C85E2B3248FB4B500A84B05 /* POPUPVC.swift */,
			);
			path = Base;
			sourceTree = "<group>";
		};
		88BDBE6923FA9491009091F9 /* Model */ = {
			isa = PBXGroup;
			children = (
				88BDBE7223FAC85D009091F9 /* ApiResponse.swift */,
				88BDBE7023FAC737009091F9 /* PopularDTO.swift */,
				8C57229B240C6EC500A1B80A /* ActorDetailsDTO.swift */,
				8C57229D240C74F100A1B80A /* MovieCreditDTO.swift */,
				8C85E2B7248FC12700A84B05 /* MovieCastDTO.swift */,
				8C85E2BD248FE00200A84B05 /* SearchResultDTO.swift */,
			);
			path = Model;
			sourceTree = "<group>";
		};
		88BDBE6A23FA9543009091F9 /* Networking */ = {
			isa = PBXGroup;
			children = (
				88BDBE6B23FA95A7009091F9 /* UserService.swift */,
			);
			path = Networking;
			sourceTree = "<group>";
		};
		88CEDA482407DD3B0019CB0E /* Extentions */ = {
			isa = PBXGroup;
			children = (
				88CEDA492407DD660019CB0E /* UIViewController+Ex.swift */,
				88CEDA4C2407E49E0019CB0E /* UIImageView+Ex.swift */,
				88CEDA4E2407E6C60019CB0E /* UIView+Ex.swift */,
				8C57228E240C4AB800A1B80A /* Storyboarded.swift */,
			);
			path = Extentions;
			sourceTree = "<group>";
		};
		88CEDA4B2407E0850019CB0E /* PopularPeopleCell */ = {
			isa = PBXGroup;
			children = (
				8C7B7812224D910F003E689C /* PopularPeopleCell.swift */,
				8C7B7813224D910F003E689C /* PopularPeopleCell.xib */,
			);
			path = PopularPeopleCell;
			sourceTree = "<group>";
		};
		8C232231224D41CA00A7C7C1 = {
			isa = PBXGroup;
			children = (
				8C23223C224D41CA00A7C7C1 /* Stars Movie */,
				8C232251224D41CB00A7C7C1 /* Stars MovieTests */,
				8C23225C224D41CB00A7C7C1 /* Stars MovieUITests */,
				8C23223B224D41CA00A7C7C1 /* Products */,
				74BC2484661FC27B03A2B0CC /* Pods */,
				026F594F991A13515D49A4C8 /* Frameworks */,
			);
			sourceTree = "<group>";
		};
		8C23223B224D41CA00A7C7C1 /* Products */ = {
			isa = PBXGroup;
			children = (
				8C23223A224D41CA00A7C7C1 /* Stars Movie.app */,
				8C23224E224D41CB00A7C7C1 /* Stars MovieTests.xctest */,
				8C232259224D41CB00A7C7C1 /* Stars MovieUITests.xctest */,
			);
			name = Products;
			sourceTree = "<group>";
		};
		8C23223C224D41CA00A7C7C1 /* Stars Movie */ = {
			isa = PBXGroup;
			children = (
				8C23223D224D41CA00A7C7C1 /* AppDelegate.swift */,
				88BDBE6A23FA9543009091F9 /* Networking */,
				88BDBE6923FA9491009091F9 /* Model */,
				8C23226C224D428600A7C7C1 /* View */,
				8C572292240C4D4F00A1B80A /* Coordinator */,
				8C23226D224D429100A7C7C1 /* Controller */,
				88CEDA482407DD3B0019CB0E /* Extentions */,
				8C232241224D41CA00A7C7C1 /* Main.storyboard */,
				8C85E2B1248FB19E00A84B05 /* POPUP.storyboard */,
				8C232244224D41CB00A7C7C1 /* Assets.xcassets */,
				8C232246224D41CB00A7C7C1 /* LaunchScreen.storyboard */,
				8C232249224D41CB00A7C7C1 /* Info.plist */,
			);
			path = "Stars Movie";
			sourceTree = "<group>";
		};
		8C232251224D41CB00A7C7C1 /* Stars MovieTests */ = {
			isa = PBXGroup;
			children = (
				8C232252224D41CB00A7C7C1 /* Stars_MovieTests.swift */,
				8C232254224D41CB00A7C7C1 /* Info.plist */,
			);
			path = "Stars MovieTests";
			sourceTree = "<group>";
		};
		8C23225C224D41CB00A7C7C1 /* Stars MovieUITests */ = {
			isa = PBXGroup;
			children = (
				8C23225D224D41CB00A7C7C1 /* Stars_MovieUITests.swift */,
				8C23225F224D41CB00A7C7C1 /* Info.plist */,
			);
			path = "Stars MovieUITests";
			sourceTree = "<group>";
		};
		8C23226C224D428600A7C7C1 /* View */ = {
			isa = PBXGroup;
			children = (
				88CEDA4B2407E0850019CB0E /* PopularPeopleCell */,
				8CFC685C2250EB60003C6EF9 /* DetailsVC */,
				8CDC9CED2251A81400D6A5EF /* CastVC */,
				8CFA363E2252274C006E4C99 /* SearchVC */,
			);
			path = View;
			sourceTree = "<group>";
		};
		8C23226D224D429100A7C7C1 /* Controller */ = {
			isa = PBXGroup;
			children = (
				88BDBE6423FA9215009091F9 /* Base */,
				8C7B7810224D8D3E003E689C /* Home */,
				8C3E357C2250042500F0C376 /* Details */,
				8CDC9CE522517D3E00D6A5EF /* CastVC */,
				8CFA363B22521E91006E4C99 /* SearchVC */,
			);
			path = Controller;
			sourceTree = "<group>";
		};
		8C3E357C2250042500F0C376 /* Details */ = {
			isa = PBXGroup;
			children = (
				8C3E357D2250048E00F0C376 /* DetailsVC.swift */,
				8C572297240C50DF00A1B80A /* DetailsViewModel.swift */,
			);
			path = Details;
			sourceTree = "<group>";
		};
		8C572292240C4D4F00A1B80A /* Coordinator */ = {
			isa = PBXGroup;
			children = (
				8C572293240C4D9500A1B80A /* Coordinator.swift */,
				8C572295240C4E8400A1B80A /* HomeCoordinator.swift */,
				8C572299240C52E600A1B80A /* DetailsCoordinator.swift */,
				8C85E2B9248FC7D100A84B05 /* CastCoordinator.swift */,
				8C85E2BF248FF3BF00A84B05 /* SearchCoordinator.swift */,
			);
			path = Coordinator;
			sourceTree = "<group>";
		};
		8C7B7810224D8D3E003E689C /* Home */ = {
			isa = PBXGroup;
			children = (
				8C23223F224D41CA00A7C7C1 /* HomeVC.swift */,
				88BDBE6723FA936E009091F9 /* HomeViewModel.swift */,
			);
			path = Home;
			sourceTree = "<group>";
		};
		8CDC9CE522517D3E00D6A5EF /* CastVC */ = {
			isa = PBXGroup;
			children = (
				8CDC9CE622517D8200D6A5EF /* CastVC.swift */,
				8C85E2B5248FBDBC00A84B05 /* CastViewModel.swift */,
			);
			path = CastVC;
			sourceTree = "<group>";
		};
		8CDC9CED2251A81400D6A5EF /* CastVC */ = {
			isa = PBXGroup;
			children = (
				8CDC9CEE2251A86700D6A5EF /* CrewCell.swift */,
				8CDC9CEF2251A86700D6A5EF /* CrewCell.xib */,
			);
			path = CastVC;
			sourceTree = "<group>";
		};
		8CFA363B22521E91006E4C99 /* SearchVC */ = {
			isa = PBXGroup;
			children = (
				8CFA363C22521ED1006E4C99 /* SearchVC.swift */,
				8C85E2BB248FD8A900A84B05 /* SearchViewModel.swift */,
			);
			path = SearchVC;
			sourceTree = "<group>";
		};
		8CFA363E2252274C006E4C99 /* SearchVC */ = {
			isa = PBXGroup;
			children = (
				8CFA3641225233FD006E4C99 /* SearchPeopleCell.swift */,
				8CFA3642225233FD006E4C99 /* SearchPeopleCell.xib */,
			);
			path = SearchVC;
			sourceTree = "<group>";
		};
		8CFC685C2250EB60003C6EF9 /* DetailsVC */ = {
			isa = PBXGroup;
			children = (
				8CA875A322511EC900CF2BBE /* DetailsCell.swift */,
				8CA875A422511EC900CF2BBE /* DetailsCell.xib */,
			);
			path = DetailsVC;
			sourceTree = "<group>";
		};
/* End PBXGroup section */

/* Begin PBXNativeTarget section */
		8C232239224D41CA00A7C7C1 /* Stars Movie */ = {
			isa = PBXNativeTarget;
			buildConfigurationList = 8C232262224D41CB00A7C7C1 /* Build configuration list for PBXNativeTarget "Stars Movie" */;
			buildPhases = (
				9C7B1D8B9CABB0E879A68466 /* [CP] Check Pods Manifest.lock */,
				8C232236224D41CA00A7C7C1 /* Sources */,
				8C232237224D41CA00A7C7C1 /* Frameworks */,
				8C232238224D41CA00A7C7C1 /* Resources */,
				59EB633A15FE8A52422AC84A /* [CP] Embed Pods Frameworks */,
			);
			buildRules = (
			);
			dependencies = (
			);
			name = "Stars Movie";
			productName = "Stars Movie";
			productReference = 8C23223A224D41CA00A7C7C1 /* Stars Movie.app */;
			productType = "com.apple.product-type.application";
		};
		8C23224D224D41CB00A7C7C1 /* Stars MovieTests */ = {
			isa = PBXNativeTarget;
			buildConfigurationList = 8C232265224D41CB00A7C7C1 /* Build configuration list for PBXNativeTarget "Stars MovieTests" */;
			buildPhases = (
				8C23224A224D41CB00A7C7C1 /* Sources */,
				8C23224B224D41CB00A7C7C1 /* Frameworks */,
				8C23224C224D41CB00A7C7C1 /* Resources */,
			);
			buildRules = (
			);
			dependencies = (
				8C232250224D41CB00A7C7C1 /* PBXTargetDependency */,
			);
			name = "Stars MovieTests";
			productName = "Stars MovieTests";
			productReference = 8C23224E224D41CB00A7C7C1 /* Stars MovieTests.xctest */;
			productType = "com.apple.product-type.bundle.unit-test";
		};
		8C232258224D41CB00A7C7C1 /* Stars MovieUITests */ = {
			isa = PBXNativeTarget;
			buildConfigurationList = 8C232268224D41CB00A7C7C1 /* Build configuration list for PBXNativeTarget "Stars MovieUITests" */;
			buildPhases = (
				8C232255224D41CB00A7C7C1 /* Sources */,
				8C232256224D41CB00A7C7C1 /* Frameworks */,
				8C232257224D41CB00A7C7C1 /* Resources */,
			);
			buildRules = (
			);
			dependencies = (
				8C23225B224D41CB00A7C7C1 /* PBXTargetDependency */,
			);
			name = "Stars MovieUITests";
			productName = "Stars MovieUITests";
			productReference = 8C232259224D41CB00A7C7C1 /* Stars MovieUITests.xctest */;
			productType = "com.apple.product-type.bundle.ui-testing";
		};
/* End PBXNativeTarget section */

/* Begin PBXProject section */
		8C232232224D41CA00A7C7C1 /* Project object */ = {
			isa = PBXProject;
			attributes = {
				LastSwiftUpdateCheck = 1010;
				LastUpgradeCheck = 1010;
				ORGANIZATIONNAME = "Ahmed Samir";
				TargetAttributes = {
					8C232239224D41CA00A7C7C1 = {
						CreatedOnToolsVersion = 10.1;
					};
					8C23224D224D41CB00A7C7C1 = {
						CreatedOnToolsVersion = 10.1;
						TestTargetID = 8C232239224D41CA00A7C7C1;
					};
					8C232258224D41CB00A7C7C1 = {
						CreatedOnToolsVersion = 10.1;
						TestTargetID = 8C232239224D41CA00A7C7C1;
					};
				};
			};
			buildConfigurationList = 8C232235224D41CA00A7C7C1 /* Build configuration list for PBXProject "Stars Movie" */;
			compatibilityVersion = "Xcode 9.3";
			developmentRegion = en;
			hasScannedForEncodings = 0;
			knownRegions = (
				en,
				Base,
			);
			mainGroup = 8C232231224D41CA00A7C7C1;
			productRefGroup = 8C23223B224D41CA00A7C7C1 /* Products */;
			projectDirPath = "";
			projectRoot = "";
			targets = (
				8C232239224D41CA00A7C7C1 /* Stars Movie */,
				8C23224D224D41CB00A7C7C1 /* Stars MovieTests */,
				8C232258224D41CB00A7C7C1 /* Stars MovieUITests */,
			);
		};
/* End PBXProject section */

/* Begin PBXResourcesBuildPhase section */
		8C232238224D41CA00A7C7C1 /* Resources */ = {
			isa = PBXResourcesBuildPhase;
			buildActionMask = 2147483647;
			files = (
				8CFA3644225233FD006E4C99 /* SearchPeopleCell.xib in Resources */,
				8C232248224D41CB00A7C7C1 /* LaunchScreen.storyboard in Resources */,
				8C232245224D41CB00A7C7C1 /* Assets.xcassets in Resources */,
				8C85E2B2248FB19E00A84B05 /* POPUP.storyboard in Resources */,
				8C7B7815224D910F003E689C /* PopularPeopleCell.xib in Resources */,
				8CA875A622511EC900CF2BBE /* DetailsCell.xib in Resources */,
				8CDC9CF12251A86700D6A5EF /* CrewCell.xib in Resources */,
				8C232243224D41CA00A7C7C1 /* Main.storyboard in Resources */,
			);
			runOnlyForDeploymentPostprocessing = 0;
		};
		8C23224C224D41CB00A7C7C1 /* Resources */ = {
			isa = PBXResourcesBuildPhase;
			buildActionMask = 2147483647;
			files = (
			);
			runOnlyForDeploymentPostprocessing = 0;
		};
		8C232257224D41CB00A7C7C1 /* Resources */ = {
			isa = PBXResourcesBuildPhase;
			buildActionMask = 2147483647;
			files = (
			);
			runOnlyForDeploymentPostprocessing = 0;
		};
/* End PBXResourcesBuildPhase section */

/* Begin PBXShellScriptBuildPhase section */
		59EB633A15FE8A52422AC84A /* [CP] Embed Pods Frameworks */ = {
			isa = PBXShellScriptBuildPhase;
			buildActionMask = 2147483647;
			files = (
			);
			inputFileListPaths = (
				"${PODS_ROOT}/Target Support Files/Pods-Stars Movie/Pods-Stars Movie-frameworks-${CONFIGURATION}-input-files.xcfilelist",
			);
			name = "[CP] Embed Pods Frameworks";
			outputFileListPaths = (
				"${PODS_ROOT}/Target Support Files/Pods-Stars Movie/Pods-Stars Movie-frameworks-${CONFIGURATION}-output-files.xcfilelist",
			);
			runOnlyForDeploymentPostprocessing = 0;
			shellPath = /bin/sh;
			shellScript = "\"${PODS_ROOT}/Target Support Files/Pods-Stars Movie/Pods-Stars Movie-frameworks.sh\"\n";
			showEnvVarsInLog = 0;
		};
		9C7B1D8B9CABB0E879A68466 /* [CP] Check Pods Manifest.lock */ = {
			isa = PBXShellScriptBuildPhase;
			buildActionMask = 2147483647;
			files = (
			);
			inputFileListPaths = (
			);
			inputPaths = (
				"${PODS_PODFILE_DIR_PATH}/Podfile.lock",
				"${PODS_ROOT}/Manifest.lock",
			);
			name = "[CP] Check Pods Manifest.lock";
			outputFileListPaths = (
			);
			outputPaths = (
				"$(DERIVED_FILE_DIR)/Pods-Stars Movie-checkManifestLockResult.txt",
			);
			runOnlyForDeploymentPostprocessing = 0;
			shellPath = /bin/sh;
			shellScript = "diff \"${PODS_PODFILE_DIR_PATH}/Podfile.lock\" \"${PODS_ROOT}/Manifest.lock\" > /dev/null\nif [ $? != 0 ] ; then\n    # print error to STDERR\n    echo \"error: The sandbox is not in sync with the Podfile.lock. Run 'pod install' or update your CocoaPods installation.\" >&2\n    exit 1\nfi\n# This output is used by Xcode 'outputs' to avoid re-running this script phase.\necho \"SUCCESS\" > \"${SCRIPT_OUTPUT_FILE_0}\"\n";
			showEnvVarsInLog = 0;
		};
/* End PBXShellScriptBuildPhase section */

/* Begin PBXSourcesBuildPhase section */
		8C232236224D41CA00A7C7C1 /* Sources */ = {
			isa = PBXSourcesBuildPhase;
			buildActionMask = 2147483647;
			files = (
				8C85E2BC248FD8A900A84B05 /* SearchViewModel.swift in Sources */,
				88CEDA4F2407E6C60019CB0E /* UIView+Ex.swift in Sources */,
				88BDBE6323FA8D7A009091F9 /* BaseVC.swift in Sources */,
				88BDBE7323FAC85D009091F9 /* ApiResponse.swift in Sources */,
				8C85E2B6248FBDBC00A84B05 /* CastViewModel.swift in Sources */,
				8C85E2C0248FF3BF00A84B05 /* SearchCoordinator.swift in Sources */,
				8C57229C240C6EC500A1B80A /* ActorDetailsDTO.swift in Sources */,
				8CA875A522511EC900CF2BBE /* DetailsCell.swift in Sources */,
				8C232240224D41CA00A7C7C1 /* HomeVC.swift in Sources */,
				88CEDA4A2407DD660019CB0E /* UIViewController+Ex.swift in Sources */,
				8C85E2BE248FE00200A84B05 /* SearchResultDTO.swift in Sources */,
				8C7B7814224D910F003E689C /* PopularPeopleCell.swift in Sources */,
				8C23223E224D41CA00A7C7C1 /* AppDelegate.swift in Sources */,
				8CFA3643225233FD006E4C99 /* SearchPeopleCell.swift in Sources */,
				8C85E2BA248FC7D100A84B05 /* CastCoordinator.swift in Sources */,
				8C572294240C4D9500A1B80A /* Coordinator.swift in Sources */,
				8CDC9CF02251A86700D6A5EF /* CrewCell.swift in Sources */,
				8C57228F240C4AB800A1B80A /* Storyboarded.swift in Sources */,
				88BDBE6623FA922E009091F9 /* BaseViewModel.swift in Sources */,
				8C57229E240C74F100A1B80A /* MovieCreditDTO.swift in Sources */,
				8CDC9CE722517D8200D6A5EF /* CastVC.swift in Sources */,
				8C3E357E2250048E00F0C376 /* DetailsVC.swift in Sources */,
				8C85E2B4248FB4B500A84B05 /* POPUPVC.swift in Sources */,
				8C57229A240C52E600A1B80A /* DetailsCoordinator.swift in Sources */,
				8CFA363D22521ED1006E4C99 /* SearchVC.swift in Sources */,
				88BDBE6C23FA95A7009091F9 /* UserService.swift in Sources */,
				88BDBE6823FA936E009091F9 /* HomeViewModel.swift in Sources */,
				8C572298240C50DF00A1B80A /* DetailsViewModel.swift in Sources */,
				8C572296240C4E8400A1B80A /* HomeCoordinator.swift in Sources */,
				88BDBE7123FAC737009091F9 /* PopularDTO.swift in Sources */,
				88CEDA4D2407E49E0019CB0E /* UIImageView+Ex.swift in Sources */,
				8C85E2B8248FC12700A84B05 /* MovieCastDTO.swift in Sources */,
			);
			runOnlyForDeploymentPostprocessing = 0;
		};
		8C23224A224D41CB00A7C7C1 /* Sources */ = {
			isa = PBXSourcesBuildPhase;
			buildActionMask = 2147483647;
			files = (
				8C232253224D41CB00A7C7C1 /* Stars_MovieTests.swift in Sources */,
			);
			runOnlyForDeploymentPostprocessing = 0;
		};
		8C232255224D41CB00A7C7C1 /* Sources */ = {
			isa = PBXSourcesBuildPhase;
			buildActionMask = 2147483647;
			files = (
				8C23225E224D41CB00A7C7C1 /* Stars_MovieUITests.swift in Sources */,
			);
			runOnlyForDeploymentPostprocessing = 0;
		};
/* End PBXSourcesBuildPhase section */

/* Begin PBXTargetDependency section */
		8C232250224D41CB00A7C7C1 /* PBXTargetDependency */ = {
			isa = PBXTargetDependency;
			target = 8C232239224D41CA00A7C7C1 /* Stars Movie */;
			targetProxy = 8C23224F224D41CB00A7C7C1 /* PBXContainerItemProxy */;
		};
		8C23225B224D41CB00A7C7C1 /* PBXTargetDependency */ = {
			isa = PBXTargetDependency;
			target = 8C232239224D41CA00A7C7C1 /* Stars Movie */;
			targetProxy = 8C23225A224D41CB00A7C7C1 /* PBXContainerItemProxy */;
		};
/* End PBXTargetDependency section */

/* Begin PBXVariantGroup section */
		8C232241224D41CA00A7C7C1 /* Main.storyboard */ = {
			isa = PBXVariantGroup;
			children = (
				8C232242224D41CA00A7C7C1 /* Base */,
			);
			name = Main.storyboard;
			sourceTree = "<group>";
		};
		8C232246224D41CB00A7C7C1 /* LaunchScreen.storyboard */ = {
			isa = PBXVariantGroup;
			children = (
				8C232247224D41CB00A7C7C1 /* Base */,
			);
			name = LaunchScreen.storyboard;
			sourceTree = "<group>";
		};
/* End PBXVariantGroup section */

/* Begin XCBuildConfiguration section */
		8C232260224D41CB00A7C7C1 /* Debug */ = {
			isa = XCBuildConfiguration;
			buildSettings = {
				ALWAYS_SEARCH_USER_PATHS = NO;
				CLANG_ANALYZER_NONNULL = YES;
				CLANG_ANALYZER_NUMBER_OBJECT_CONVERSION = YES_AGGRESSIVE;
				CLANG_CXX_LANGUAGE_STANDARD = "gnu++14";
				CLANG_CXX_LIBRARY = "libc++";
				CLANG_ENABLE_MODULES = YES;
				CLANG_ENABLE_OBJC_ARC = YES;
				CLANG_ENABLE_OBJC_WEAK = YES;
				CLANG_WARN_BLOCK_CAPTURE_AUTORELEASING = YES;
				CLANG_WARN_BOOL_CONVERSION = YES;
				CLANG_WARN_COMMA = YES;
				CLANG_WARN_CONSTANT_CONVERSION = YES;
				CLANG_WARN_DEPRECATED_OBJC_IMPLEMENTATIONS = YES;
				CLANG_WARN_DIRECT_OBJC_ISA_USAGE = YES_ERROR;
				CLANG_WARN_DOCUMENTATION_COMMENTS = YES;
				CLANG_WARN_EMPTY_BODY = YES;
				CLANG_WARN_ENUM_CONVERSION = YES;
				CLANG_WARN_INFINITE_RECURSION = YES;
				CLANG_WARN_INT_CONVERSION = YES;
				CLANG_WARN_NON_LITERAL_NULL_CONVERSION = YES;
				CLANG_WARN_OBJC_IMPLICIT_RETAIN_SELF = YES;
				CLANG_WARN_OBJC_LITERAL_CONVERSION = YES;
				CLANG_WARN_OBJC_ROOT_CLASS = YES_ERROR;
				CLANG_WARN_RANGE_LOOP_ANALYSIS = YES;
				CLANG_WARN_STRICT_PROTOTYPES = YES;
				CLANG_WARN_SUSPICIOUS_MOVE = YES;
				CLANG_WARN_UNGUARDED_AVAILABILITY = YES_AGGRESSIVE;
				CLANG_WARN_UNREACHABLE_CODE = YES;
				CLANG_WARN__DUPLICATE_METHOD_MATCH = YES;
				CODE_SIGN_IDENTITY = "iPhone Developer";
				COPY_PHASE_STRIP = NO;
				DEBUG_INFORMATION_FORMAT = dwarf;
				ENABLE_STRICT_OBJC_MSGSEND = YES;
				ENABLE_TESTABILITY = YES;
				GCC_C_LANGUAGE_STANDARD = gnu11;
				GCC_DYNAMIC_NO_PIC = NO;
				GCC_NO_COMMON_BLOCKS = YES;
				GCC_OPTIMIZATION_LEVEL = 0;
				GCC_PREPROCESSOR_DEFINITIONS = (
					"DEBUG=1",
					"$(inherited)",
				);
				GCC_WARN_64_TO_32_BIT_CONVERSION = YES;
				GCC_WARN_ABOUT_RETURN_TYPE = YES_ERROR;
				GCC_WARN_UNDECLARED_SELECTOR = YES;
				GCC_WARN_UNINITIALIZED_AUTOS = YES_AGGRESSIVE;
				GCC_WARN_UNUSED_FUNCTION = YES;
				GCC_WARN_UNUSED_VARIABLE = YES;
				IPHONEOS_DEPLOYMENT_TARGET = 12.1;
				MTL_ENABLE_DEBUG_INFO = INCLUDE_SOURCE;
				MTL_FAST_MATH = YES;
				ONLY_ACTIVE_ARCH = YES;
				SDKROOT = iphoneos;
				SWIFT_ACTIVE_COMPILATION_CONDITIONS = DEBUG;
				SWIFT_OPTIMIZATION_LEVEL = "-Onone";
			};
			name = Debug;
		};
		8C232261224D41CB00A7C7C1 /* Release */ = {
			isa = XCBuildConfiguration;
			buildSettings = {
				ALWAYS_SEARCH_USER_PATHS = NO;
				CLANG_ANALYZER_NONNULL = YES;
				CLANG_ANALYZER_NUMBER_OBJECT_CONVERSION = YES_AGGRESSIVE;
				CLANG_CXX_LANGUAGE_STANDARD = "gnu++14";
				CLANG_CXX_LIBRARY = "libc++";
				CLANG_ENABLE_MODULES = YES;
				CLANG_ENABLE_OBJC_ARC = YES;
				CLANG_ENABLE_OBJC_WEAK = YES;
				CLANG_WARN_BLOCK_CAPTURE_AUTORELEASING = YES;
				CLANG_WARN_BOOL_CONVERSION = YES;
				CLANG_WARN_COMMA = YES;
				CLANG_WARN_CONSTANT_CONVERSION = YES;
				CLANG_WARN_DEPRECATED_OBJC_IMPLEMENTATIONS = YES;
				CLANG_WARN_DIRECT_OBJC_ISA_USAGE = YES_ERROR;
				CLANG_WARN_DOCUMENTATION_COMMENTS = YES;
				CLANG_WARN_EMPTY_BODY = YES;
				CLANG_WARN_ENUM_CONVERSION = YES;
				CLANG_WARN_INFINITE_RECURSION = YES;
				CLANG_WARN_INT_CONVERSION = YES;
				CLANG_WARN_NON_LITERAL_NULL_CONVERSION = YES;
				CLANG_WARN_OBJC_IMPLICIT_RETAIN_SELF = YES;
				CLANG_WARN_OBJC_LITERAL_CONVERSION = YES;
				CLANG_WARN_OBJC_ROOT_CLASS = YES_ERROR;
				CLANG_WARN_RANGE_LOOP_ANALYSIS = YES;
				CLANG_WARN_STRICT_PROTOTYPES = YES;
				CLANG_WARN_SUSPICIOUS_MOVE = YES;
				CLANG_WARN_UNGUARDED_AVAILABILITY = YES_AGGRESSIVE;
				CLANG_WARN_UNREACHABLE_CODE = YES;
				CLANG_WARN__DUPLICATE_METHOD_MATCH = YES;
				CODE_SIGN_IDENTITY = "iPhone Developer";
				COPY_PHASE_STRIP = NO;
				DEBUG_INFORMATION_FORMAT = "dwarf-with-dsym";
				ENABLE_NS_ASSERTIONS = NO;
				ENABLE_STRICT_OBJC_MSGSEND = YES;
				GCC_C_LANGUAGE_STANDARD = gnu11;
				GCC_NO_COMMON_BLOCKS = YES;
				GCC_WARN_64_TO_32_BIT_CONVERSION = YES;
				GCC_WARN_ABOUT_RETURN_TYPE = YES_ERROR;
				GCC_WARN_UNDECLARED_SELECTOR = YES;
				GCC_WARN_UNINITIALIZED_AUTOS = YES_AGGRESSIVE;
				GCC_WARN_UNUSED_FUNCTION = YES;
				GCC_WARN_UNUSED_VARIABLE = YES;
				IPHONEOS_DEPLOYMENT_TARGET = 12.1;
				MTL_ENABLE_DEBUG_INFO = NO;
				MTL_FAST_MATH = YES;
				SDKROOT = iphoneos;
				SWIFT_COMPILATION_MODE = wholemodule;
				SWIFT_OPTIMIZATION_LEVEL = "-O";
				VALIDATE_PRODUCT = YES;
			};
			name = Release;
		};
		8C232263224D41CB00A7C7C1 /* Debug */ = {
			isa = XCBuildConfiguration;
			baseConfigurationReference = 17579BCDE53FC8DFC9EEF5F5 /* Pods-Stars Movie.debug.xcconfig */;
			buildSettings = {
				ASSETCATALOG_COMPILER_APPICON_NAME = AppIcon;
				CODE_SIGN_STYLE = Automatic;
				DEVELOPMENT_TEAM = SXZT49N399;
				INFOPLIST_FILE = "Stars Movie/Info.plist";
				IPHONEOS_DEPLOYMENT_TARGET = 11.0;
				LD_RUNPATH_SEARCH_PATHS = (
					"$(inherited)",
					"@executable_path/Frameworks",
				);
				PRODUCT_BUNDLE_IDENTIFIER = "com.AhmedSamir.Stars-Movie";
				PRODUCT_NAME = "$(TARGET_NAME)";
				SWIFT_VERSION = 4.2;
				TARGETED_DEVICE_FAMILY = "1,2";
			};
			name = Debug;
		};
		8C232264224D41CB00A7C7C1 /* Release */ = {
			isa = XCBuildConfiguration;
			baseConfigurationReference = 465DC6E7A2E2ECDAD20C15B2 /* Pods-Stars Movie.release.xcconfig */;
			buildSettings = {
				ASSETCATALOG_COMPILER_APPICON_NAME = AppIcon;
				CODE_SIGN_STYLE = Automatic;
				DEVELOPMENT_TEAM = SXZT49N399;
				INFOPLIST_FILE = "Stars Movie/Info.plist";
				IPHONEOS_DEPLOYMENT_TARGET = 11.0;
				LD_RUNPATH_SEARCH_PATHS = (
					"$(inherited)",
					"@executable_path/Frameworks",
				);
				PRODUCT_BUNDLE_IDENTIFIER = "com.AhmedSamir.Stars-Movie";
				PRODUCT_NAME = "$(TARGET_NAME)";
				SWIFT_VERSION = 4.2;
				TARGETED_DEVICE_FAMILY = "1,2";
			};
			name = Release;
		};
		8C232266224D41CB00A7C7C1 /* Debug */ = {
			isa = XCBuildConfiguration;
			buildSettings = {
				ALWAYS_EMBED_SWIFT_STANDARD_LIBRARIES = YES;
				BUNDLE_LOADER = "$(TEST_HOST)";
				CODE_SIGN_STYLE = Automatic;
				DEVELOPMENT_TEAM = SXZT49N399;
				INFOPLIST_FILE = "Stars MovieTests/Info.plist";
				LD_RUNPATH_SEARCH_PATHS = (
					"$(inherited)",
					"@executable_path/Frameworks",
					"@loader_path/Frameworks",
				);
				PRODUCT_BUNDLE_IDENTIFIER = "com.AhmedSamir.Stars-MovieTests";
				PRODUCT_NAME = "$(TARGET_NAME)";
				SWIFT_VERSION = 4.2;
				TARGETED_DEVICE_FAMILY = "1,2";
				TEST_HOST = "$(BUILT_PRODUCTS_DIR)/Stars Movie.app/Stars Movie";
			};
			name = Debug;
		};
		8C232267224D41CB00A7C7C1 /* Release */ = {
			isa = XCBuildConfiguration;
			buildSettings = {
				ALWAYS_EMBED_SWIFT_STANDARD_LIBRARIES = YES;
				BUNDLE_LOADER = "$(TEST_HOST)";
				CODE_SIGN_STYLE = Automatic;
				DEVELOPMENT_TEAM = SXZT49N399;
				INFOPLIST_FILE = "Stars MovieTests/Info.plist";
				LD_RUNPATH_SEARCH_PATHS = (
					"$(inherited)",
					"@executable_path/Frameworks",
					"@loader_path/Frameworks",
				);
				PRODUCT_BUNDLE_IDENTIFIER = "com.AhmedSamir.Stars-MovieTests";
				PRODUCT_NAME = "$(TARGET_NAME)";
				SWIFT_VERSION = 4.2;
				TARGETED_DEVICE_FAMILY = "1,2";
				TEST_HOST = "$(BUILT_PRODUCTS_DIR)/Stars Movie.app/Stars Movie";
			};
			name = Release;
		};
		8C232269224D41CB00A7C7C1 /* Debug */ = {
			isa = XCBuildConfiguration;
			buildSettings = {
				ALWAYS_EMBED_SWIFT_STANDARD_LIBRARIES = YES;
				CODE_SIGN_STYLE = Automatic;
				DEVELOPMENT_TEAM = SXZT49N399;
				INFOPLIST_FILE = "Stars MovieUITests/Info.plist";
				LD_RUNPATH_SEARCH_PATHS = (
					"$(inherited)",
					"@executable_path/Frameworks",
					"@loader_path/Frameworks",
				);
				PRODUCT_BUNDLE_IDENTIFIER = "com.AhmedSamir.Stars-MovieUITests";
				PRODUCT_NAME = "$(TARGET_NAME)";
				SWIFT_VERSION = 4.2;
				TARGETED_DEVICE_FAMILY = "1,2";
				TEST_TARGET_NAME = "Stars Movie";
			};
			name = Debug;
		};
		8C23226A224D41CB00A7C7C1 /* Release */ = {
			isa = XCBuildConfiguration;
			buildSettings = {
				ALWAYS_EMBED_SWIFT_STANDARD_LIBRARIES = YES;
				CODE_SIGN_STYLE = Automatic;
				DEVELOPMENT_TEAM = SXZT49N399;
				INFOPLIST_FILE = "Stars MovieUITests/Info.plist";
				LD_RUNPATH_SEARCH_PATHS = (
					"$(inherited)",
					"@executable_path/Frameworks",
					"@loader_path/Frameworks",
				);
				PRODUCT_BUNDLE_IDENTIFIER = "com.AhmedSamir.Stars-MovieUITests";
				PRODUCT_NAME = "$(TARGET_NAME)";
				SWIFT_VERSION = 4.2;
				TARGETED_DEVICE_FAMILY = "1,2";
				TEST_TARGET_NAME = "Stars Movie";
			};
			name = Release;
		};
/* End XCBuildConfiguration section */

/* Begin XCConfigurationList section */
		8C232235224D41CA00A7C7C1 /* Build configuration list for PBXProject "Stars Movie" */ = {
			isa = XCConfigurationList;
			buildConfigurations = (
				8C232260224D41CB00A7C7C1 /* Debug */,
				8C232261224D41CB00A7C7C1 /* Release */,
			);
			defaultConfigurationIsVisible = 0;
			defaultConfigurationName = Release;
		};
		8C232262224D41CB00A7C7C1 /* Build configuration list for PBXNativeTarget "Stars Movie" */ = {
			isa = XCConfigurationList;
			buildConfigurations = (
				8C232263224D41CB00A7C7C1 /* Debug */,
				8C232264224D41CB00A7C7C1 /* Release */,
			);
			defaultConfigurationIsVisible = 0;
			defaultConfigurationName = Release;
		};
		8C232265224D41CB00A7C7C1 /* Build configuration list for PBXNativeTarget "Stars MovieTests" */ = {
			isa = XCConfigurationList;
			buildConfigurations = (
				8C232266224D41CB00A7C7C1 /* Debug */,
				8C232267224D41CB00A7C7C1 /* Release */,
			);
			defaultConfigurationIsVisible = 0;
			defaultConfigurationName = Release;
		};
		8C232268224D41CB00A7C7C1 /* Build configuration list for PBXNativeTarget "Stars MovieUITests" */ = {
			isa = XCConfigurationList;
			buildConfigurations = (
				8C232269224D41CB00A7C7C1 /* Debug */,
				8C23226A224D41CB00A7C7C1 /* Release */,
			);
			defaultConfigurationIsVisible = 0;
			defaultConfigurationName = Release;
		};
/* End XCConfigurationList section */
	};
	rootObject = 8C232232224D41CA00A7C7C1 /* Project object */;
}
